
Microsoft Visual Studio Solution File, Format Version 12.00
# Visual Studio 2012
Project("{159641D6-6404-4A2A-AE62-294DE0FE8301}") = "ETL Produits", "ETL Produits\ETL Produits.dtproj", "{C7516C1B-DBD9-4499-A892-FB99188C50FB}"
EndProject
Global
	GlobalSection(SolutionConfigurationPlatforms) = preSolution
		Development|Default = Development|Default
	EndGlobalSection
	GlobalSection(ProjectConfigurationPlatforms) = postSolution
		{C7516C1B-DBD9-4499-A892-FB99188C50FB}.Development|Default.ActiveCfg = Development
		{C7516C1B-DBD9-4499-A892-FB99188C50FB}.Development|Default.Build.0 = Development
	EndGlobalSection
	GlobalSection(SolutionProperties) = preSolution
		HideSolutionNode = FALSE
	EndGlobalSection
EndGlobal
